
Microsoft Visual Studio Solution File, Format Version 12.00
# Visual Studio Version 16
VisualStudioVersion = 16.0.30717.126
MinimumVisualStudioVersion = 10.0.40219.1
Project("{FAE04EC0-301F-11D3-BF4B-00C04F79EFBC}") = "CSharp-Inl2", "CSharp-Inl2.csproj", "{28BA21FD-68C2-4648-8736-82AFCFC339FA}"
EndProject
Global
	GlobalSection(SolutionConfigurationPlatforms) = preSolution
		Debug|Any CPU = Debug|Any CPU
		Release|Any CPU = Release|Any CPU
	EndGlobalSection
	GlobalSection(ProjectConfigurationPlatforms) = postSolution
		{28BA21FD-68C2-4648-8736-82AFCFC339FA}.Debug|Any CPU.ActiveCfg = Debug|Any CPU
		{28BA21FD-68C2-4648-8736-82AFCFC339FA}.Debug|Any CPU.Build.0 = Debug|Any CPU
		{28BA21FD-68C2-4648-8736-82AFCFC339FA}.Release|Any CPU.ActiveCfg = Release|Any CPU
		{28BA21FD-68C2-4648-8736-82AFCFC339FA}.Release|Any CPU.Build.0 = Release|Any CPU
	EndGlobalSection
	GlobalSection(SolutionProperties) = preSolution
		HideSolutionNode = FALSE
	EndGlobalSection
	GlobalSection(ExtensibilityGlobals) = postSolution
		SolutionGuid = {09FD89D9-811D-4900-8A8C-393396076146}
	EndGlobalSection
EndGlobal
